
Microsoft Visual Studio Solution File, Format Version 12.00
# Visual Studio Version 17
VisualStudioVersion = 17.14.37027.9
MinimumVisualStudioVersion = 10.0.40219.1
Project("{FAE04EC0-301F-11D3-BF4B-00C04F79EFBC}") = "04-AccessModifiresEncupsulationNamespace", "04-AccessModifiresEncupsulationNamespace.csproj", "{B7B67E93-B358-49D1-8982-6A132CE925D1}"
EndProject
Project("{FAE04EC0-301F-11D3-BF4B-00C04F79EFBC}") = "Domain", "..\Domain\Domain.csproj", "{3CFACD95-44FB-499B-89D2-8EE1061A3E3E}"
EndProject
Global
	GlobalSection(SolutionConfigurationPlatforms) = preSolution
		Debug|Any CPU = Debug|Any CPU
		Release|Any CPU = Release|Any CPU
	EndGlobalSection
	GlobalSection(ProjectConfigurationPlatforms) = postSolution
		{B7B67E93-B358-49D1-8982-6A132CE925D1}.Debug|Any CPU.ActiveCfg = Debug|Any CPU
		{B7B67E93-B358-49D1-8982-6A132CE925D1}.Debug|Any CPU.Build.0 = Debug|Any CPU
		{B7B67E93-B358-49D1-8982-6A132CE925D1}.Release|Any CPU.ActiveCfg = Release|Any CPU
		{B7B67E93-B358-49D1-8982-6A132CE925D1}.Release|Any CPU.Build.0 = Release|Any CPU
		{3CFACD95-44FB-499B-89D2-8EE1061A3E3E}.Debug|Any CPU.ActiveCfg = Debug|Any CPU
		{3CFACD95-44FB-499B-89D2-8EE1061A3E3E}.Debug|Any CPU.Build.0 = Debug|Any CPU
		{3CFACD95-44FB-499B-89D2-8EE1061A3E3E}.Release|Any CPU.ActiveCfg = Release|Any CPU
		{3CFACD95-44FB-499B-89D2-8EE1061A3E3E}.Release|Any CPU.Build.0 = Release|Any CPU
	EndGlobalSection
	GlobalSection(SolutionProperties) = preSolution
		HideSolutionNode = FALSE
	EndGlobalSection
	GlobalSection(ExtensibilityGlobals) = postSolution
		SolutionGuid = {58018BF7-2729-4ABF-B538-A185B8DBC175}
	EndGlobalSection
EndGlobal
